// !$*UTF8*$!
{
	archiveVersion = 1;
	classes = {
	};
	objectVersion = 55;
	objects = {

/* Begin PBXBuildFile section */
		6E074262275C953E00907B35 /* Sex.swift in Sources */ = {isa = PBXBuildFile; fileRef = 6E074261275C953E00907B35 /* Sex.swift */; };
		6E074264275C957C00907B35 /* MaleAgeCategory.swift in Sources */ = {isa = PBXBuildFile; fileRef = 6E074263275C957C00907B35 /* MaleAgeCategory.swift */; };
		6E074266275C95D500907B35 /* FemaleAgeCategory.swift in Sources */ = {isa = PBXBuildFile; fileRef = 6E074265275C95D500907B35 /* FemaleAgeCategory.swift */; };
		6E074268275C95F100907B35 /* Category.swift in Sources */ = {isa = PBXBuildFile; fileRef = 6E074267275C95F100907B35 /* Category.swift */; };
		6E07426A275C962C00907B35 /* NumberOfExercises.swift in Sources */ = {isa = PBXBuildFile; fileRef = 6E074269275C962C00907B35 /* NumberOfExercises.swift */; };
		6E07426C275CB35C00907B35 /* SwitchTableViewCell.swift in Sources */ = {isa = PBXBuildFile; fileRef = 6E07426B275CB35C00907B35 /* SwitchTableViewCell.swift */; };
		6E21297A27635E4F0016B24A /* NfpManExercises.json in Resources */ = {isa = PBXBuildFile; fileRef = 6E21297627635E4F0016B24A /* NfpManExercises.json */; };
		6E21297B27635E4F0016B24A /* SummerTriathlonExercises.json in Resources */ = {isa = PBXBuildFile; fileRef = 6E21297727635E4F0016B24A /* SummerTriathlonExercises.json */; };
		6E21297C27635E4F0016B24A /* WinterTriathlonExercises.json in Resources */ = {isa = PBXBuildFile; fileRef = 6E21297827635E4F0016B24A /* WinterTriathlonExercises.json */; };
		6E21297D27635E4F0016B24A /* NfpWomanExercises.json in Resources */ = {isa = PBXBuildFile; fileRef = 6E21297927635E4F0016B24A /* NfpWomanExercises.json */; };
		6E21297E27635E7C0016B24A /* NfpManExercises.json in Sources */ = {isa = PBXBuildFile; fileRef = 6E21297627635E4F0016B24A /* NfpManExercises.json */; };
		6E21297F27635E7C0016B24A /* NfpWomanExercises.json in Sources */ = {isa = PBXBuildFile; fileRef = 6E21297927635E4F0016B24A /* NfpWomanExercises.json */; };
		6E21298027635E7C0016B24A /* SummerTriathlonExercises.json in Sources */ = {isa = PBXBuildFile; fileRef = 6E21297727635E4F0016B24A /* SummerTriathlonExercises.json */; };
		6E21298127635E7C0016B24A /* WinterTriathlonExercises.json in Sources */ = {isa = PBXBuildFile; fileRef = 6E21297827635E4F0016B24A /* WinterTriathlonExercises.json */; };
		6E330B94276DA0F9008DEC4F /* SportGrade.swift in Sources */ = {isa = PBXBuildFile; fileRef = 6E330B93276DA0F9008DEC4F /* SportGrade.swift */; };
		6E330B96276DE681008DEC4F /* PickerTableViewCell.swift in Sources */ = {isa = PBXBuildFile; fileRef = 6E330B95276DE681008DEC4F /* PickerTableViewCell.swift */; };
		6E50C0062770A6FC00C3D04C /* SportListViewController.swift in Sources */ = {isa = PBXBuildFile; fileRef = 6E50C0052770A6FC00C3D04C /* SportListViewController.swift */; };
		6E50C0082770A7F200C3D04C /* TriathlonController.swift in Sources */ = {isa = PBXBuildFile; fileRef = 6E50C0072770A7F200C3D04C /* TriathlonController.swift */; };
		6E50C00A2770A83900C3D04C /* TriathlonExercise.swift in Sources */ = {isa = PBXBuildFile; fileRef = 6E50C0092770A83900C3D04C /* TriathlonExercise.swift */; };
		6E50C00C2770A96C00C3D04C /* TriathlonType.swift in Sources */ = {isa = PBXBuildFile; fileRef = 6E50C00B2770A96C00C3D04C /* TriathlonType.swift */; };
		6E50C00E2770C9E400C3D04C /* TriathlonViewController.swift in Sources */ = {isa = PBXBuildFile; fileRef = 6E50C00D2770C9E300C3D04C /* TriathlonViewController.swift */; };
		6E50C0102770CBE900C3D04C /* SegmentedViewCell.swift in Sources */ = {isa = PBXBuildFile; fileRef = 6E50C00F2770CBE900C3D04C /* SegmentedViewCell.swift */; };
		6E50C0122770CF5200C3D04C /* SportExerciseCell.swift in Sources */ = {isa = PBXBuildFile; fileRef = 6E50C0112770CF5200C3D04C /* SportExerciseCell.swift */; };
		6E5F27F127734ED700926FC1 /* ResultsViewController.swift in Sources */ = {isa = PBXBuildFile; fileRef = 6E5F27F027734ED700926FC1 /* ResultsViewController.swift */; };
		6E5F27F3277350FD00926FC1 /* ResultsController.swift in Sources */ = {isa = PBXBuildFile; fileRef = 6E5F27F2277350FD00926FC1 /* ResultsController.swift */; };
		6E80DAF92769AD7D006C21F0 /* HeaderView.swift in Sources */ = {isa = PBXBuildFile; fileRef = 6E80DAF82769AD7D006C21F0 /* HeaderView.swift */; };
		6E80DAFC2769BCF5006C21F0 /* ExerciseDescriptionViewController.swift in Sources */ = {isa = PBXBuildFile; fileRef = 6E80DAFB2769BCF5006C21F0 /* ExerciseDescriptionViewController.swift */; };
		6E90DDF1275F1A2D004B618A /* ExerciseCell.swift in Sources */ = {isa = PBXBuildFile; fileRef = 6E90DDF0275F1A2D004B618A /* ExerciseCell.swift */; };
		6E90DDF4275F3201004B618A /* NfpExercise.swift in Sources */ = {isa = PBXBuildFile; fileRef = 6E90DDF3275F3201004B618A /* NfpExercise.swift */; };
		6E90DDF6275F4BBE004B618A /* NfpController.swift in Sources */ = {isa = PBXBuildFile; fileRef = 6E90DDF5275F4BBE004B618A /* NfpController.swift */; };
		6E90DDF8275F50F1004B618A /* ResultCellView.swift in Sources */ = {isa = PBXBuildFile; fileRef = 6E90DDF7275F50F1004B618A /* ResultCellView.swift */; };
		6EB3C5FD2762023600D51135 /* NfpCompositionalLayout.swift in Sources */ = {isa = PBXBuildFile; fileRef = 6EB3C5FC2762023600D51135 /* NfpCompositionalLayout.swift */; };
		6EB3C6012762064200D51135 /* TotalScoreCell.swift in Sources */ = {isa = PBXBuildFile; fileRef = 6EB3C6002762064200D51135 /* TotalScoreCell.swift */; };
		6EB3C61E2762227900D51135 /* LaunchScreen.storyboard in Resources */ = {isa = PBXBuildFile; fileRef = 6EB3C61D2762227900D51135 /* LaunchScreen.storyboard */; };
		6EB46013276E0EC600DC5C77 /* Tariff.swift in Sources */ = {isa = PBXBuildFile; fileRef = 6EB46012276E0EC600DC5C77 /* Tariff.swift */; };
		6EBAF099277480350034999F /* SportType.swift in Sources */ = {isa = PBXBuildFile; fileRef = 6EBAF098277480350034999F /* SportType.swift */; };
		6EBAF09B2774C5110034999F /* ResultNfpExerciseCell.swift in Sources */ = {isa = PBXBuildFile; fileRef = 6EBAF09A2774C5110034999F /* ResultNfpExerciseCell.swift */; };
		6EBAF09D2774CF1B0034999F /* ResultTotalScoreCell.swift in Sources */ = {isa = PBXBuildFile; fileRef = 6EBAF09C2774CF1B0034999F /* ResultTotalScoreCell.swift */; };
		6EBAF09F2774D2540034999F /* DetailResultViewController.swift in Sources */ = {isa = PBXBuildFile; fileRef = 6EBAF09E2774D2540034999F /* DetailResultViewController.swift */; };
		6EBAF0A12774D9D70034999F /* ResultsCompositionalLayout.swift in Sources */ = {isa = PBXBuildFile; fileRef = 6EBAF0A02774D9D70034999F /* ResultsCompositionalLayout.swift */; };
		6EC4BA92275B7BF000A4FD4A /* AppDelegate.swift in Sources */ = {isa = PBXBuildFile; fileRef = 6EC4BA91275B7BF000A4FD4A /* AppDelegate.swift */; };
		6EC4BA9E275B7BF100A4FD4A /* Assets.xcassets in Resources */ = {isa = PBXBuildFile; fileRef = 6EC4BA9D275B7BF100A4FD4A /* Assets.xcassets */; };
		6EC4BAB5275B7F0600A4FD4A /* SplashViewController.swift in Sources */ = {isa = PBXBuildFile; fileRef = 6EC4BAB4275B7F0600A4FD4A /* SplashViewController.swift */; };
		6ED04549275C6B4700D048B4 /* NfpViewController.swift in Sources */ = {isa = PBXBuildFile; fileRef = 6ED04548275C6B4700D048B4 /* NfpViewController.swift */; };
		6ED0454F275C6C2A00D048B4 /* SettingsViewController.swift in Sources */ = {isa = PBXBuildFile; fileRef = 6ED0454E275C6C2A00D048B4 /* SettingsViewController.swift */; };
		6ED04551275C6C4500D048B4 /* DetailSettingsViewController.swift in Sources */ = {isa = PBXBuildFile; fileRef = 6ED04550275C6C4500D048B4 /* DetailSettingsViewController.swift */; };
		6ED04555275C91B800D048B4 /* Settings.swift in Sources */ = {isa = PBXBuildFile; fileRef = 6ED04554275C91B800D048B4 /* Settings.swift */; };
		6ED04558275C922100D048B4 /* StorageManager.swift in Sources */ = {isa = PBXBuildFile; fileRef = 6ED04557275C922100D048B4 /* StorageManager.swift */; };
		6EEC5E66277192C4006C532E /* TotalScoreSportCell.swift in Sources */ = {isa = PBXBuildFile; fileRef = 6EEC5E65277192C4006C532E /* TotalScoreSportCell.swift */; };
/* End PBXBuildFile section */

/* Begin PBXFileReference section */
		6E074261275C953E00907B35 /* Sex.swift */ = {isa = PBXFileReference; lastKnownFileType = sourcecode.swift; path = Sex.swift; sourceTree = "<group>"; };
		6E074263275C957C00907B35 /* MaleAgeCategory.swift */ = {isa = PBXFileReference; lastKnownFileType = sourcecode.swift; path = MaleAgeCategory.swift; sourceTree = "<group>"; };
		6E074265275C95D500907B35 /* FemaleAgeCategory.swift */ = {isa = PBXFileReference; lastKnownFileType = sourcecode.swift; path = FemaleAgeCategory.swift; sourceTree = "<group>"; };
		6E074267275C95F100907B35 /* Category.swift */ = {isa = PBXFileReference; lastKnownFileType = sourcecode.swift; path = Category.swift; sourceTree = "<group>"; };
		6E074269275C962C00907B35 /* NumberOfExercises.swift */ = {isa = PBXFileReference; lastKnownFileType = sourcecode.swift; path = NumberOfExercises.swift; sourceTree = "<group>"; };
		6E07426B275CB35C00907B35 /* SwitchTableViewCell.swift */ = {isa = PBXFileReference; lastKnownFileType = sourcecode.swift; path = SwitchTableViewCell.swift; sourceTree = "<group>"; };
		6E21297627635E4F0016B24A /* NfpManExercises.json */ = {isa = PBXFileReference; fileEncoding = 4; lastKnownFileType = text.json; path = NfpManExercises.json; sourceTree = "<group>"; };
		6E21297727635E4F0016B24A /* SummerTriathlonExercises.json */ = {isa = PBXFileReference; fileEncoding = 4; lastKnownFileType = text.json; path = SummerTriathlonExercises.json; sourceTree = "<group>"; };
		6E21297827635E4F0016B24A /* WinterTriathlonExercises.json */ = {isa = PBXFileReference; fileEncoding = 4; lastKnownFileType = text.json; path = WinterTriathlonExercises.json; sourceTree = "<group>"; };
		6E21297927635E4F0016B24A /* NfpWomanExercises.json */ = {isa = PBXFileReference; fileEncoding = 4; lastKnownFileType = text.json; path = NfpWomanExercises.json; sourceTree = "<group>"; };
		6E330B93276DA0F9008DEC4F /* SportGrade.swift */ = {isa = PBXFileReference; lastKnownFileType = sourcecode.swift; path = SportGrade.swift; sourceTree = "<group>"; };
		6E330B95276DE681008DEC4F /* PickerTableViewCell.swift */ = {isa = PBXFileReference; lastKnownFileType = sourcecode.swift; path = PickerTableViewCell.swift; sourceTree = "<group>"; };
		6E50C0052770A6FC00C3D04C /* SportListViewController.swift */ = {isa = PBXFileReference; lastKnownFileType = sourcecode.swift; path = SportListViewController.swift; sourceTree = "<group>"; };
		6E50C0072770A7F200C3D04C /* TriathlonController.swift */ = {isa = PBXFileReference; lastKnownFileType = sourcecode.swift; path = TriathlonController.swift; sourceTree = "<group>"; };
		6E50C0092770A83900C3D04C /* TriathlonExercise.swift */ = {isa = PBXFileReference; lastKnownFileType = sourcecode.swift; path = TriathlonExercise.swift; sourceTree = "<group>"; };
		6E50C00B2770A96C00C3D04C /* TriathlonType.swift */ = {isa = PBXFileReference; lastKnownFileType = sourcecode.swift; path = TriathlonType.swift; sourceTree = "<group>"; };
		6E50C00D2770C9E300C3D04C /* TriathlonViewController.swift */ = {isa = PBXFileReference; lastKnownFileType = sourcecode.swift; path = TriathlonViewController.swift; sourceTree = "<group>"; };
		6E50C00F2770CBE900C3D04C /* SegmentedViewCell.swift */ = {isa = PBXFileReference; lastKnownFileType = sourcecode.swift; path = SegmentedViewCell.swift; sourceTree = "<group>"; };
		6E50C0112770CF5200C3D04C /* SportExerciseCell.swift */ = {isa = PBXFileReference; lastKnownFileType = sourcecode.swift; path = SportExerciseCell.swift; sourceTree = "<group>"; };
		6E5F27F027734ED700926FC1 /* ResultsViewController.swift */ = {isa = PBXFileReference; lastKnownFileType = sourcecode.swift; path = ResultsViewController.swift; sourceTree = "<group>"; };
		6E5F27F2277350FD00926FC1 /* ResultsController.swift */ = {isa = PBXFileReference; lastKnownFileType = sourcecode.swift; path = ResultsController.swift; sourceTree = "<group>"; };
		6E80DAF82769AD7D006C21F0 /* HeaderView.swift */ = {isa = PBXFileReference; lastKnownFileType = sourcecode.swift; path = HeaderView.swift; sourceTree = "<group>"; };
		6E80DAFB2769BCF5006C21F0 /* ExerciseDescriptionViewController.swift */ = {isa = PBXFileReference; lastKnownFileType = sourcecode.swift; path = ExerciseDescriptionViewController.swift; sourceTree = "<group>"; };
		6E90DDF0275F1A2D004B618A /* ExerciseCell.swift */ = {isa = PBXFileReference; lastKnownFileType = sourcecode.swift; path = ExerciseCell.swift; sourceTree = "<group>"; };
		6E90DDF3275F3201004B618A /* NfpExercise.swift */ = {isa = PBXFileReference; lastKnownFileType = sourcecode.swift; path = NfpExercise.swift; sourceTree = "<group>"; };
		6E90DDF5275F4BBE004B618A /* NfpController.swift */ = {isa = PBXFileReference; lastKnownFileType = sourcecode.swift; path = NfpController.swift; sourceTree = "<group>"; };
		6E90DDF7275F50F1004B618A /* ResultCellView.swift */ = {isa = PBXFileReference; lastKnownFileType = sourcecode.swift; path = ResultCellView.swift; sourceTree = "<group>"; };
		6EB3C5FC2762023600D51135 /* NfpCompositionalLayout.swift */ = {isa = PBXFileReference; lastKnownFileType = sourcecode.swift; path = NfpCompositionalLayout.swift; sourceTree = "<group>"; };
		6EB3C6002762064200D51135 /* TotalScoreCell.swift */ = {isa = PBXFileReference; lastKnownFileType = sourcecode.swift; path = TotalScoreCell.swift; sourceTree = "<group>"; };
		6EB3C61D2762227900D51135 /* LaunchScreen.storyboard */ = {isa = PBXFileReference; fileEncoding = 4; lastKnownFileType = file.storyboard; path = LaunchScreen.storyboard; sourceTree = "<group>"; };
		6EB46012276E0EC600DC5C77 /* Tariff.swift */ = {isa = PBXFileReference; lastKnownFileType = sourcecode.swift; path = Tariff.swift; sourceTree = "<group>"; };
		6EBAF098277480350034999F /* SportType.swift */ = {isa = PBXFileReference; lastKnownFileType = sourcecode.swift; path = SportType.swift; sourceTree = "<group>"; };
		6EBAF09A2774C5110034999F /* ResultNfpExerciseCell.swift */ = {isa = PBXFileReference; lastKnownFileType = sourcecode.swift; path = ResultNfpExerciseCell.swift; sourceTree = "<group>"; };
		6EBAF09C2774CF1B0034999F /* ResultTotalScoreCell.swift */ = {isa = PBXFileReference; lastKnownFileType = sourcecode.swift; path = ResultTotalScoreCell.swift; sourceTree = "<group>"; };
		6EBAF09E2774D2540034999F /* DetailResultViewController.swift */ = {isa = PBXFileReference; lastKnownFileType = sourcecode.swift; path = DetailResultViewController.swift; sourceTree = "<group>"; };
		6EBAF0A02774D9D70034999F /* ResultsCompositionalLayout.swift */ = {isa = PBXFileReference; lastKnownFileType = sourcecode.swift; path = ResultsCompositionalLayout.swift; sourceTree = "<group>"; };
		6EC4BA8E275B7BF000A4FD4A /* Voensport-NFP.app */ = {isa = PBXFileReference; explicitFileType = wrapper.application; includeInIndex = 0; path = "Voensport-NFP.app"; sourceTree = BUILT_PRODUCTS_DIR; };
		6EC4BA91275B7BF000A4FD4A /* AppDelegate.swift */ = {isa = PBXFileReference; lastKnownFileType = sourcecode.swift; path = AppDelegate.swift; sourceTree = "<group>"; };
		6EC4BA9D275B7BF100A4FD4A /* Assets.xcassets */ = {isa = PBXFileReference; lastKnownFileType = folder.assetcatalog; path = Assets.xcassets; sourceTree = "<group>"; };
		6EC4BAA2275B7BF100A4FD4A /* Info.plist */ = {isa = PBXFileReference; lastKnownFileType = text.plist.xml; path = Info.plist; sourceTree = "<group>"; };
		6EC4BAB4275B7F0600A4FD4A /* SplashViewController.swift */ = {isa = PBXFileReference; lastKnownFileType = sourcecode.swift; path = SplashViewController.swift; sourceTree = "<group>"; };
		6ED04548275C6B4700D048B4 /* NfpViewController.swift */ = {isa = PBXFileReference; lastKnownFileType = sourcecode.swift; path = NfpViewController.swift; sourceTree = "<group>"; };
		6ED0454E275C6C2A00D048B4 /* SettingsViewController.swift */ = {isa = PBXFileReference; lastKnownFileType = sourcecode.swift; path = SettingsViewController.swift; sourceTree = "<group>"; };
		6ED04550275C6C4500D048B4 /* DetailSettingsViewController.swift */ = {isa = PBXFileReference; lastKnownFileType = sourcecode.swift; path = DetailSettingsViewController.swift; sourceTree = "<group>"; };
		6ED04554275C91B800D048B4 /* Settings.swift */ = {isa = PBXFileReference; fileEncoding = 4; lastKnownFileType = sourcecode.swift; path = Settings.swift; sourceTree = "<group>"; };
		6ED04557275C922100D048B4 /* StorageManager.swift */ = {isa = PBXFileReference; fileEncoding = 4; lastKnownFileType = sourcecode.swift; path = StorageManager.swift; sourceTree = "<group>"; };
		6EEC5E65277192C4006C532E /* TotalScoreSportCell.swift */ = {isa = PBXFileReference; lastKnownFileType = sourcecode.swift; path = TotalScoreSportCell.swift; sourceTree = "<group>"; };
/* End PBXFileReference section */

/* Begin PBXFrameworksBuildPhase section */
		6EC4BA8B275B7BF000A4FD4A /* Frameworks */ = {
			isa = PBXFrameworksBuildPhase;
			buildActionMask = 2147483647;
			files = (
			);
			runOnlyForDeploymentPostprocessing = 0;
		};
/* End PBXFrameworksBuildPhase section */

/* Begin PBXGroup section */
		6E50C0012770A6AD00C3D04C /* Sport */ = {
			isa = PBXGroup;
			children = (
				6E50C0022770A6BA00C3D04C /* Model */,
				6E50C0032770A6C100C3D04C /* View */,
				6E50C0042770A6C900C3D04C /* Controller */,
			);
			path = Sport;
			sourceTree = "<group>";
		};
		6E50C0022770A6BA00C3D04C /* Model */ = {
			isa = PBXGroup;
			children = (
				6E50C00B2770A96C00C3D04C /* TriathlonType.swift */,
				6E50C0072770A7F200C3D04C /* TriathlonController.swift */,
				6E50C0092770A83900C3D04C /* TriathlonExercise.swift */,
			);
			path = Model;
			sourceTree = "<group>";
		};
		6E50C0032770A6C100C3D04C /* View */ = {
			isa = PBXGroup;
			children = (
				6E50C00F2770CBE900C3D04C /* SegmentedViewCell.swift */,
				6E50C0112770CF5200C3D04C /* SportExerciseCell.swift */,
				6EEC5E65277192C4006C532E /* TotalScoreSportCell.swift */,
			);
			path = View;
			sourceTree = "<group>";
		};
		6E50C0042770A6C900C3D04C /* Controller */ = {
			isa = PBXGroup;
			children = (
				6E50C0052770A6FC00C3D04C /* SportListViewController.swift */,
				6E50C00D2770C9E300C3D04C /* TriathlonViewController.swift */,
			);
			path = Controller;
			sourceTree = "<group>";
		};
		6E5F27EC27734A9E00926FC1 /* Results */ = {
			isa = PBXGroup;
			children = (
				6E5F27EF27734C2200926FC1 /* Controller */,
				6E5F27EE27734C1700926FC1 /* View */,
				6E5F27ED27734C0C00926FC1 /* Model */,
			);
			path = Results;
			sourceTree = "<group>";
		};
		6E5F27ED27734C0C00926FC1 /* Model */ = {
			isa = PBXGroup;
			children = (
				6E5F27F2277350FD00926FC1 /* ResultsController.swift */,
			);
			path = Model;
			sourceTree = "<group>";
		};
		6E5F27EE27734C1700926FC1 /* View */ = {
			isa = PBXGroup;
			children = (
				6EBAF09A2774C5110034999F /* ResultNfpExerciseCell.swift */,
				6EBAF09C2774CF1B0034999F /* ResultTotalScoreCell.swift */,
				6EBAF0A02774D9D70034999F /* ResultsCompositionalLayout.swift */,
			);
			path = View;
			sourceTree = "<group>";
		};
		6E5F27EF27734C2200926FC1 /* Controller */ = {
			isa = PBXGroup;
			children = (
				6E5F27F027734ED700926FC1 /* ResultsViewController.swift */,
				6EBAF09E2774D2540034999F /* DetailResultViewController.swift */,
			);
			path = Controller;
			sourceTree = "<group>";
		};
		6E80DAFA2769BA4E006C21F0 /* SupplementaryView */ = {
			isa = PBXGroup;
			children = (
				6E80DAF82769AD7D006C21F0 /* HeaderView.swift */,
				6E90DDF7275F50F1004B618A /* ResultCellView.swift */,
			);
			path = SupplementaryView;
			sourceTree = "<group>";
		};
		6EB3C5FE276203A100D51135 /* Layout */ = {
			isa = PBXGroup;
			children = (
				6EB3C5FC2762023600D51135 /* NfpCompositionalLayout.swift */,
			);
			path = Layout;
			sourceTree = "<group>";
		};
		6EB3C5FF276203C500D51135 /* Cell */ = {
			isa = PBXGroup;
			children = (
				6E90DDF0275F1A2D004B618A /* ExerciseCell.swift */,
				6EB3C6002762064200D51135 /* TotalScoreCell.swift */,
			);
			path = Cell;
			sourceTree = "<group>";
		};
		6EC4BA85275B7BEF00A4FD4A = {
			isa = PBXGroup;
			children = (
				6EC4BA90275B7BF000A4FD4A /* Voensport-NFP */,
				6EC4BA8F275B7BF000A4FD4A /* Products */,
			);
			sourceTree = "<group>";
		};
		6EC4BA8F275B7BF000A4FD4A /* Products */ = {
			isa = PBXGroup;
			children = (
				6EC4BA8E275B7BF000A4FD4A /* Voensport-NFP.app */,
			);
			name = Products;
			sourceTree = "<group>";
		};
		6EC4BA90275B7BF000A4FD4A /* Voensport-NFP */ = {
			isa = PBXGroup;
			children = (
				6EC4BAA8275B7C2B00A4FD4A /* Application */,
				6EC4BAB0275B7EC300A4FD4A /* SplashScreen */,
				6ED04544275C6AB800D048B4 /* Nfp */,
				6ED0454A275C6BAF00D048B4 /* Settings */,
				6E50C0012770A6AD00C3D04C /* Sport */,
				6E5F27EC27734A9E00926FC1 /* Results */,
				6EC4BAAC275B7CB300A4FD4A /* Resources */,
			);
			path = "Voensport-NFP";
			sourceTree = "<group>";
		};
		6EC4BAA8275B7C2B00A4FD4A /* Application */ = {
			isa = PBXGroup;
			children = (
				6EC4BAAD275B7DA800A4FD4A /* Model */,
				6EC4BAAE275B7DAF00A4FD4A /* Veiw */,
				6EC4BAAF275B7DB400A4FD4A /* Controller */,
				6ED04556275C91EA00D048B4 /* Service */,
			);
			path = Application;
			sourceTree = "<group>";
		};
		6EC4BAAC275B7CB300A4FD4A /* Resources */ = {
			isa = PBXGroup;
			children = (
				6E21297627635E4F0016B24A /* NfpManExercises.json */,
				6E21297927635E4F0016B24A /* NfpWomanExercises.json */,
				6E21297727635E4F0016B24A /* SummerTriathlonExercises.json */,
				6E21297827635E4F0016B24A /* WinterTriathlonExercises.json */,
				6EB3C61D2762227900D51135 /* LaunchScreen.storyboard */,
				6EC4BAA2275B7BF100A4FD4A /* Info.plist */,
				6EC4BA9D275B7BF100A4FD4A /* Assets.xcassets */,
			);
			path = Resources;
			sourceTree = "<group>";
		};
		6EC4BAAD275B7DA800A4FD4A /* Model */ = {
			isa = PBXGroup;
			children = (
				6E330B93276DA0F9008DEC4F /* SportGrade.swift */,
				6EB46012276E0EC600DC5C77 /* Tariff.swift */,
				6EBAF098277480350034999F /* SportType.swift */,
			);
			path = Model;
			sourceTree = "<group>";
		};
		6EC4BAAE275B7DAF00A4FD4A /* Veiw */ = {
			isa = PBXGroup;
			children = (
			);
			path = Veiw;
			sourceTree = "<group>";
		};
		6EC4BAAF275B7DB400A4FD4A /* Controller */ = {
			isa = PBXGroup;
			children = (
				6EC4BA91275B7BF000A4FD4A /* AppDelegate.swift */,
			);
			path = Controller;
			sourceTree = "<group>";
		};
		6EC4BAB0275B7EC300A4FD4A /* SplashScreen */ = {
			isa = PBXGroup;
			children = (
				6EC4BAB1275B7ED300A4FD4A /* Model */,
				6EC4BAB2275B7EDA00A4FD4A /* View */,
				6EC4BAB3275B7EE000A4FD4A /* Controller */,
			);
			path = SplashScreen;
			sourceTree = "<group>";
		};
		6EC4BAB1275B7ED300A4FD4A /* Model */ = {
			isa = PBXGroup;
			children = (
			);
			path = Model;
			sourceTree = "<group>";
		};
		6EC4BAB2275B7EDA00A4FD4A /* View */ = {
			isa = PBXGroup;
			children = (
			);
			path = View;
			sourceTree = "<group>";
		};
		6EC4BAB3275B7EE000A4FD4A /* Controller */ = {
			isa = PBXGroup;
			children = (
				6EC4BAB4275B7F0600A4FD4A /* SplashViewController.swift */,
			);
			path = Controller;
			sourceTree = "<group>";
		};
		6ED04544275C6AB800D048B4 /* Nfp */ = {
			isa = PBXGroup;
			children = (
				6ED04547275C6AEC00D048B4 /* Model */,
				6ED04546275C6AE500D048B4 /* View */,
				6ED04545275C6ADA00D048B4 /* Controller */,
			);
			path = Nfp;
			sourceTree = "<group>";
		};
		6ED04545275C6ADA00D048B4 /* Controller */ = {
			isa = PBXGroup;
			children = (
				6ED04548275C6B4700D048B4 /* NfpViewController.swift */,
				6E80DAFB2769BCF5006C21F0 /* ExerciseDescriptionViewController.swift */,
			);
			path = Controller;
			sourceTree = "<group>";
		};
		6ED04546275C6AE500D048B4 /* View */ = {
			isa = PBXGroup;
			children = (
				6E80DAFA2769BA4E006C21F0 /* SupplementaryView */,
				6EB3C5FF276203C500D51135 /* Cell */,
				6EB3C5FE276203A100D51135 /* Layout */,
			);
			path = View;
			sourceTree = "<group>";
		};
		6ED04547275C6AEC00D048B4 /* Model */ = {
			isa = PBXGroup;
			children = (
				6E90DDF3275F3201004B618A /* NfpExercise.swift */,
				6E90DDF5275F4BBE004B618A /* NfpController.swift */,
			);
			path = Model;
			sourceTree = "<group>";
		};
		6ED0454A275C6BAF00D048B4 /* Settings */ = {
			isa = PBXGroup;
			children = (
				6ED0454D275C6BCD00D048B4 /* Model */,
				6ED0454C275C6BC500D048B4 /* View */,
				6ED0454B275C6BBC00D048B4 /* ViewController */,
			);
			path = Settings;
			sourceTree = "<group>";
		};
		6ED0454B275C6BBC00D048B4 /* ViewController */ = {
			isa = PBXGroup;
			children = (
				6ED0454E275C6C2A00D048B4 /* SettingsViewController.swift */,
				6ED04550275C6C4500D048B4 /* DetailSettingsViewController.swift */,
			);
			path = ViewController;
			sourceTree = "<group>";
		};
		6ED0454C275C6BC500D048B4 /* View */ = {
			isa = PBXGroup;
			children = (
				6E07426B275CB35C00907B35 /* SwitchTableViewCell.swift */,
				6E330B95276DE681008DEC4F /* PickerTableViewCell.swift */,
			);
			path = View;
			sourceTree = "<group>";
		};
		6ED0454D275C6BCD00D048B4 /* Model */ = {
			isa = PBXGroup;
			children = (
				6ED04554275C91B800D048B4 /* Settings.swift */,
				6E074263275C957C00907B35 /* MaleAgeCategory.swift */,
				6E074261275C953E00907B35 /* Sex.swift */,
				6E074265275C95D500907B35 /* FemaleAgeCategory.swift */,
				6E074267275C95F100907B35 /* Category.swift */,
				6E074269275C962C00907B35 /* NumberOfExercises.swift */,
			);
			path = Model;
			sourceTree = "<group>";
		};
		6ED04556275C91EA00D048B4 /* Service */ = {
			isa = PBXGroup;
			children = (
				6ED04557275C922100D048B4 /* StorageManager.swift */,
			);
			path = Service;
			sourceTree = "<group>";
		};
/* End PBXGroup section */

/* Begin PBXNativeTarget section */
		6EC4BA8D275B7BF000A4FD4A /* Voensport-NFP */ = {
			isa = PBXNativeTarget;
			buildConfigurationList = 6EC4BAA5275B7BF100A4FD4A /* Build configuration list for PBXNativeTarget "Voensport-NFP" */;
			buildPhases = (
				6EC4BA8A275B7BF000A4FD4A /* Sources */,
				6EC4BA8B275B7BF000A4FD4A /* Frameworks */,
				6EC4BA8C275B7BF000A4FD4A /* Resources */,
			);
			buildRules = (
			);
			dependencies = (
			);
			name = "Voensport-NFP";
			productName = "Voensport-NFP";
			productReference = 6EC4BA8E275B7BF000A4FD4A /* Voensport-NFP.app */;
			productType = "com.apple.product-type.application";
		};
/* End PBXNativeTarget section */

/* Begin PBXProject section */
		6EC4BA86275B7BEF00A4FD4A /* Project object */ = {
			isa = PBXProject;
			attributes = {
				BuildIndependentTargetsInParallel = 1;
				LastSwiftUpdateCheck = 1310;
				LastUpgradeCheck = 1310;
				TargetAttributes = {
					6EC4BA8D275B7BF000A4FD4A = {
						CreatedOnToolsVersion = 13.1;
					};
				};
			};
			buildConfigurationList = 6EC4BA89275B7BEF00A4FD4A /* Build configuration list for PBXProject "Voensport-NFP" */;
			compatibilityVersion = "Xcode 13.0";
			developmentRegion = en;
			hasScannedForEncodings = 0;
			knownRegions = (
				en,
				Base,
			);
			mainGroup = 6EC4BA85275B7BEF00A4FD4A;
			productRefGroup = 6EC4BA8F275B7BF000A4FD4A /* Products */;
			projectDirPath = "";
			projectRoot = "";
			targets = (
				6EC4BA8D275B7BF000A4FD4A /* Voensport-NFP */,
			);
		};
/* End PBXProject section */

/* Begin PBXResourcesBuildPhase section */
		6EC4BA8C275B7BF000A4FD4A /* Resources */ = {
			isa = PBXResourcesBuildPhase;
			buildActionMask = 2147483647;
			files = (
				6E21297C27635E4F0016B24A /* WinterTriathlonExercises.json in Resources */,
				6E21297D27635E4F0016B24A /* NfpWomanExercises.json in Resources */,
				6E21297A27635E4F0016B24A /* NfpManExercises.json in Resources */,
				6EC4BA9E275B7BF100A4FD4A /* Assets.xcassets in Resources */,
				6E21297B27635E4F0016B24A /* SummerTriathlonExercises.json in Resources */,
				6EB3C61E2762227900D51135 /* LaunchScreen.storyboard in Resources */,
			);
			runOnlyForDeploymentPostprocessing = 0;
		};
/* End PBXResourcesBuildPhase section */

/* Begin PBXSourcesBuildPhase section */
		6EC4BA8A275B7BF000A4FD4A /* Sources */ = {
			isa = PBXSourcesBuildPhase;
			buildActionMask = 2147483647;
			files = (
				6EEC5E66277192C4006C532E /* TotalScoreSportCell.swift in Sources */,
				6E21297E27635E7C0016B24A /* NfpManExercises.json in Sources */,
				6EBAF09D2774CF1B0034999F /* ResultTotalScoreCell.swift in Sources */,
				6EBAF0A12774D9D70034999F /* ResultsCompositionalLayout.swift in Sources */,
				6E21297F27635E7C0016B24A /* NfpWomanExercises.json in Sources */,
				6E21298027635E7C0016B24A /* SummerTriathlonExercises.json in Sources */,
				6E50C00A2770A83900C3D04C /* TriathlonExercise.swift in Sources */,
				6E50C00C2770A96C00C3D04C /* TriathlonType.swift in Sources */,
				6E5F27F3277350FD00926FC1 /* ResultsController.swift in Sources */,
				6E330B94276DA0F9008DEC4F /* SportGrade.swift in Sources */,
				6E50C0102770CBE900C3D04C /* SegmentedViewCell.swift in Sources */,
				6E21298127635E7C0016B24A /* WinterTriathlonExercises.json in Sources */,
				6EB3C5FD2762023600D51135 /* NfpCompositionalLayout.swift in Sources */,
				6EC4BAB5275B7F0600A4FD4A /* SplashViewController.swift in Sources */,
				6EBAF099277480350034999F /* SportType.swift in Sources */,
				6E074266275C95D500907B35 /* FemaleAgeCategory.swift in Sources */,
				6E80DAF92769AD7D006C21F0 /* HeaderView.swift in Sources */,
				6E07426C275CB35C00907B35 /* SwitchTableViewCell.swift in Sources */,
				6ED04549275C6B4700D048B4 /* NfpViewController.swift in Sources */,
				6E5F27F127734ED700926FC1 /* ResultsViewController.swift in Sources */,
				6ED04555275C91B800D048B4 /* Settings.swift in Sources */,
				6E50C0082770A7F200C3D04C /* TriathlonController.swift in Sources */,
				6EB3C6012762064200D51135 /* TotalScoreCell.swift in Sources */,
				6E330B96276DE681008DEC4F /* PickerTableViewCell.swift in Sources */,
				6ED04558275C922100D048B4 /* StorageManager.swift in Sources */,
				6E074262275C953E00907B35 /* Sex.swift in Sources */,
				6E90DDF4275F3201004B618A /* NfpExercise.swift in Sources */,
				6EBAF09B2774C5110034999F /* ResultNfpExerciseCell.swift in Sources */,
				6EC4BA92275B7BF000A4FD4A /* AppDelegate.swift in Sources */,
				6EBAF09F2774D2540034999F /* DetailResultViewController.swift in Sources */,
				6E07426A275C962C00907B35 /* NumberOfExercises.swift in Sources */,
				6E074264275C957C00907B35 /* MaleAgeCategory.swift in Sources */,
				6E50C0122770CF5200C3D04C /* SportExerciseCell.swift in Sources */,
				6E90DDF1275F1A2D004B618A /* ExerciseCell.swift in Sources */,
				6E50C0062770A6FC00C3D04C /* SportListViewController.swift in Sources */,
				6ED0454F275C6C2A00D048B4 /* SettingsViewController.swift in Sources */,
				6ED04551275C6C4500D048B4 /* DetailSettingsViewController.swift in Sources */,
				6EB46013276E0EC600DC5C77 /* Tariff.swift in Sources */,
				6E80DAFC2769BCF5006C21F0 /* ExerciseDescriptionViewController.swift in Sources */,
				6E90DDF6275F4BBE004B618A /* NfpController.swift in Sources */,
				6E90DDF8275F50F1004B618A /* ResultCellView.swift in Sources */,
				6E074268275C95F100907B35 /* Category.swift in Sources */,
				6E50C00E2770C9E400C3D04C /* TriathlonViewController.swift in Sources */,
			);
			runOnlyForDeploymentPostprocessing = 0;
		};
/* End PBXSourcesBuildPhase section */

/* Begin XCBuildConfiguration section */
		6EC4BAA3275B7BF100A4FD4A /* Debug */ = {
			isa = XCBuildConfiguration;
			buildSettings = {
				ALWAYS_SEARCH_USER_PATHS = NO;
				CLANG_ANALYZER_NONNULL = YES;
				CLANG_ANALYZER_NUMBER_OBJECT_CONVERSION = YES_AGGRESSIVE;
				CLANG_CXX_LANGUAGE_STANDARD = "gnu++17";
				CLANG_CXX_LIBRARY = "libc++";
				CLANG_ENABLE_MODULES = YES;
				CLANG_ENABLE_OBJC_ARC = YES;
				CLANG_ENABLE_OBJC_WEAK = YES;
				CLANG_WARN_BLOCK_CAPTURE_AUTORELEASING = YES;
				CLANG_WARN_BOOL_CONVERSION = YES;
				CLANG_WARN_COMMA = YES;
				CLANG_WARN_CONSTANT_CONVERSION = YES;
				CLANG_WARN_DEPRECATED_OBJC_IMPLEMENTATIONS = YES;
				CLANG_WARN_DIRECT_OBJC_ISA_USAGE = YES_ERROR;
				CLANG_WARN_DOCUMENTATION_COMMENTS = YES;
				CLANG_WARN_EMPTY_BODY = YES;
				CLANG_WARN_ENUM_CONVERSION = YES;
				CLANG_WARN_INFINITE_RECURSION = YES;
				CLANG_WARN_INT_CONVERSION = YES;
				CLANG_WARN_NON_LITERAL_NULL_CONVERSION = YES;
				CLANG_WARN_OBJC_IMPLICIT_RETAIN_SELF = YES;
				CLANG_WARN_OBJC_LITERAL_CONVERSION = YES;
				CLANG_WARN_OBJC_ROOT_CLASS = YES_ERROR;
				CLANG_WARN_QUOTED_INCLUDE_IN_FRAMEWORK_HEADER = YES;
				CLANG_WARN_RANGE_LOOP_ANALYSIS = YES;
				CLANG_WARN_STRICT_PROTOTYPES = YES;
				CLANG_WARN_SUSPICIOUS_MOVE = YES;
				CLANG_WARN_UNGUARDED_AVAILABILITY = YES_AGGRESSIVE;
				CLANG_WARN_UNREACHABLE_CODE = YES;
				CLANG_WARN__DUPLICATE_METHOD_MATCH = YES;
				COPY_PHASE_STRIP = NO;
				DEBUG_INFORMATION_FORMAT = dwarf;
				ENABLE_STRICT_OBJC_MSGSEND = YES;
				ENABLE_TESTABILITY = YES;
				GCC_C_LANGUAGE_STANDARD = gnu11;
				GCC_DYNAMIC_NO_PIC = NO;
				GCC_NO_COMMON_BLOCKS = YES;
				GCC_OPTIMIZATION_LEVEL = 0;
				GCC_PREPROCESSOR_DEFINITIONS = (
					"DEBUG=1",
					"$(inherited)",
				);
				GCC_WARN_64_TO_32_BIT_CONVERSION = YES;
				GCC_WARN_ABOUT_RETURN_TYPE = YES_ERROR;
				GCC_WARN_UNDECLARED_SELECTOR = YES;
				GCC_WARN_UNINITIALIZED_AUTOS = YES_AGGRESSIVE;
				GCC_WARN_UNUSED_FUNCTION = YES;
				GCC_WARN_UNUSED_VARIABLE = YES;
				IPHONEOS_DEPLOYMENT_TARGET = 14.0;
				MTL_ENABLE_DEBUG_INFO = INCLUDE_SOURCE;
				MTL_FAST_MATH = YES;
				ONLY_ACTIVE_ARCH = YES;
				SDKROOT = iphoneos;
				SWIFT_ACTIVE_COMPILATION_CONDITIONS = DEBUG;
				SWIFT_OPTIMIZATION_LEVEL = "-Onone";
			};
			name = Debug;
		};
		6EC4BAA4275B7BF100A4FD4A /* Release */ = {
			isa = XCBuildConfiguration;
			buildSettings = {
				ALWAYS_SEARCH_USER_PATHS = NO;
				CLANG_ANALYZER_NONNULL = YES;
				CLANG_ANALYZER_NUMBER_OBJECT_CONVERSION = YES_AGGRESSIVE;
				CLANG_CXX_LANGUAGE_STANDARD = "gnu++17";
				CLANG_CXX_LIBRARY = "libc++";
				CLANG_ENABLE_MODULES = YES;
				CLANG_ENABLE_OBJC_ARC = YES;
				CLANG_ENABLE_OBJC_WEAK = YES;
				CLANG_WARN_BLOCK_CAPTURE_AUTORELEASING = YES;
				CLANG_WARN_BOOL_CONVERSION = YES;
				CLANG_WARN_COMMA = YES;
				CLANG_WARN_CONSTANT_CONVERSION = YES;
				CLANG_WARN_DEPRECATED_OBJC_IMPLEMENTATIONS = YES;
				CLANG_WARN_DIRECT_OBJC_ISA_USAGE = YES_ERROR;
				CLANG_WARN_DOCUMENTATION_COMMENTS = YES;
				CLANG_WARN_EMPTY_BODY = YES;
				CLANG_WARN_ENUM_CONVERSION = YES;
				CLANG_WARN_INFINITE_RECURSION = YES;
				CLANG_WARN_INT_CONVERSION = YES;
				CLANG_WARN_NON_LITERAL_NULL_CONVERSION = YES;
				CLANG_WARN_OBJC_IMPLICIT_RETAIN_SELF = YES;
				CLANG_WARN_OBJC_LITERAL_CONVERSION = YES;
				CLANG_WARN_OBJC_ROOT_CLASS = YES_ERROR;
				CLANG_WARN_QUOTED_INCLUDE_IN_FRAMEWORK_HEADER = YES;
				CLANG_WARN_RANGE_LOOP_ANALYSIS = YES;
				CLANG_WARN_STRICT_PROTOTYPES = YES;
				CLANG_WARN_SUSPICIOUS_MOVE = YES;
				CLANG_WARN_UNGUARDED_AVAILABILITY = YES_AGGRESSIVE;
				CLANG_WARN_UNREACHABLE_CODE = YES;
				CLANG_WARN__DUPLICATE_METHOD_MATCH = YES;
				COPY_PHASE_STRIP = NO;
				DEBUG_INFORMATION_FORMAT = "dwarf-with-dsym";
				ENABLE_NS_ASSERTIONS = NO;
				ENABLE_STRICT_OBJC_MSGSEND = YES;
				GCC_C_LANGUAGE_STANDARD = gnu11;
				GCC_NO_COMMON_BLOCKS = YES;
				GCC_WARN_64_TO_32_BIT_CONVERSION = YES;
				GCC_WARN_ABOUT_RETURN_TYPE = YES_ERROR;
				GCC_WARN_UNDECLARED_SELECTOR = YES;
				GCC_WARN_UNINITIALIZED_AUTOS = YES_AGGRESSIVE;
				GCC_WARN_UNUSED_FUNCTION = YES;
				GCC_WARN_UNUSED_VARIABLE = YES;
				IPHONEOS_DEPLOYMENT_TARGET = 14.0;
				MTL_ENABLE_DEBUG_INFO = NO;
				MTL_FAST_MATH = YES;
				SDKROOT = iphoneos;
				SWIFT_COMPILATION_MODE = wholemodule;
				SWIFT_OPTIMIZATION_LEVEL = "-O";
				VALIDATE_PRODUCT = YES;
			};
			name = Release;
		};
		6EC4BAA6275B7BF100A4FD4A /* Debug */ = {
			isa = XCBuildConfiguration;
			buildSettings = {
				ASSETCATALOG_COMPILER_APPICON_NAME = AppIcon;
				ASSETCATALOG_COMPILER_GLOBAL_ACCENT_COLOR_NAME = AccentColor;
				CODE_SIGN_STYLE = Automatic;
				CURRENT_PROJECT_VERSION = 1;
				DEVELOPMENT_TEAM = B5K6K9GB7Y;
				GENERATE_INFOPLIST_FILE = YES;
				INFOPLIST_FILE = "Voensport-NFP/Resources/Info.plist";
				INFOPLIST_KEY_UIApplicationSupportsIndirectInputEvents = YES;
				INFOPLIST_KEY_UILaunchStoryboardName = LaunchScreen;
				INFOPLIST_KEY_UISupportedInterfaceOrientations = UIInterfaceOrientationPortrait;
				INFOPLIST_KEY_UISupportedInterfaceOrientations_iPad = "UIInterfaceOrientationPortrait UIInterfaceOrientationPortraitUpsideDown UIInterfaceOrientationLandscapeLeft UIInterfaceOrientationLandscapeRight";
				INFOPLIST_KEY_UISupportedInterfaceOrientations_iPhone = "UIInterfaceOrientationPortrait UIInterfaceOrientationLandscapeLeft UIInterfaceOrientationLandscapeRight";
				IPHONEOS_DEPLOYMENT_TARGET = 14.0;
				LD_RUNPATH_SEARCH_PATHS = (
					"$(inherited)",
					"@executable_path/Frameworks",
				);
				MARKETING_VERSION = 1.0;
				PRODUCT_BUNDLE_IDENTIFIER = "curyscart.Voensport-NFP";
				PRODUCT_NAME = "$(TARGET_NAME)";
				SWIFT_EMIT_LOC_STRINGS = YES;
				SWIFT_VERSION = 5.0;
				TARGETED_DEVICE_FAMILY = 1;
			};
			name = Debug;
		};
		6EC4BAA7275B7BF100A4FD4A /* Release */ = {
			isa = XCBuildConfiguration;
			buildSettings = {
				ASSETCATALOG_COMPILER_APPICON_NAME = AppIcon;
				ASSETCATALOG_COMPILER_GLOBAL_ACCENT_COLOR_NAME = AccentColor;
				CODE_SIGN_STYLE = Automatic;
				CURRENT_PROJECT_VERSION = 1;
				DEVELOPMENT_TEAM = B5K6K9GB7Y;
				GENERATE_INFOPLIST_FILE = YES;
				INFOPLIST_FILE = "Voensport-NFP/Resources/Info.plist";
				INFOPLIST_KEY_UIApplicationSupportsIndirectInputEvents = YES;
				INFOPLIST_KEY_UILaunchStoryboardName = LaunchScreen;
				INFOPLIST_KEY_UISupportedInterfaceOrientations = UIInterfaceOrientationPortrait;
				INFOPLIST_KEY_UISupportedInterfaceOrientations_iPad = "UIInterfaceOrientationPortrait UIInterfaceOrientationPortraitUpsideDown UIInterfaceOrientationLandscapeLeft UIInterfaceOrientationLandscapeRight";
				INFOPLIST_KEY_UISupportedInterfaceOrientations_iPhone = "UIInterfaceOrientationPortrait UIInterfaceOrientationLandscapeLeft UIInterfaceOrientationLandscapeRight";
				IPHONEOS_DEPLOYMENT_TARGET = 14.0;
				LD_RUNPATH_SEARCH_PATHS = (
					"$(inherited)",
					"@executable_path/Frameworks",
				);
				MARKETING_VERSION = 1.0;
				PRODUCT_BUNDLE_IDENTIFIER = "curyscart.Voensport-NFP";
				PRODUCT_NAME = "$(TARGET_NAME)";
				SWIFT_EMIT_LOC_STRINGS = YES;
				SWIFT_VERSION = 5.0;
				TARGETED_DEVICE_FAMILY = 1;
			};
			name = Release;
		};
/* End XCBuildConfiguration section */

/* Begin XCConfigurationList section */
		6EC4BA89275B7BEF00A4FD4A /* Build configuration list for PBXProject "Voensport-NFP" */ = {
			isa = XCConfigurationList;
			buildConfigurations = (
				6EC4BAA3275B7BF100A4FD4A /* Debug */,
				6EC4BAA4275B7BF100A4FD4A /* Release */,
			);
			defaultConfigurationIsVisible = 0;
			defaultConfigurationName = Release;
		};
		6EC4BAA5275B7BF100A4FD4A /* Build configuration list for PBXNativeTarget "Voensport-NFP" */ = {
			isa = XCConfigurationList;
			buildConfigurations = (
				6EC4BAA6275B7BF100A4FD4A /* Debug */,
				6EC4BAA7275B7BF100A4FD4A /* Release */,
			);
			defaultConfigurationIsVisible = 0;
			defaultConfigurationName = Release;
		};
/* End XCConfigurationList section */
	};
	rootObject = 6EC4BA86275B7BEF00A4FD4A /* Project object */;
}
